
Microsoft Visual Studio Solution File, Format Version 12.00
# Visual Studio Version 17
VisualStudioVersion = 17.8.34330.188
MinimumVisualStudioVersion = 10.0.40219.1
Project("{FAE04EC0-301F-11D3-BF4B-00C04F79EFBC}") = "Frazione Classe", "Frazione Classe\Frazione Classe.csproj", "{E7FEFC08-F1A6-4AB7-9FA8-5D67A91EED31}"
EndProject
Global
	GlobalSection(SolutionConfigurationPlatforms) = preSolution
		Debug|Any CPU = Debug|Any CPU
		Release|Any CPU = Release|Any CPU
	EndGlobalSection
	GlobalSection(ProjectConfigurationPlatforms) = postSolution
		{E7FEFC08-F1A6-4AB7-9FA8-5D67A91EED31}.Debug|Any CPU.ActiveCfg = Debug|Any CPU
		{E7FEFC08-F1A6-4AB7-9FA8-5D67A91EED31}.Debug|Any CPU.Build.0 = Debug|Any CPU
		{E7FEFC08-F1A6-4AB7-9FA8-5D67A91EED31}.Release|Any CPU.ActiveCfg = Release|Any CPU
		{E7FEFC08-F1A6-4AB7-9FA8-5D67A91EED31}.Release|Any CPU.Build.0 = Release|Any CPU
	EndGlobalSection
	GlobalSection(SolutionProperties) = preSolution
		HideSolutionNode = FALSE
	EndGlobalSection
	GlobalSection(ExtensibilityGlobals) = postSolution
		SolutionGuid = {11A1764F-7C2D-44BA-BE07-8F7FA9904C27}
	EndGlobalSection
EndGlobal
